
Microsoft Visual Studio Solution File, Format Version 12.00
# Visual Studio Version 17
VisualStudioVersion = 17.5.33209.295
MinimumVisualStudioVersion = 10.0.40219.1
Project("{FAE04EC0-301F-11D3-BF4B-00C04F79EFBC}") = "RuntimeBroker", "RuntimeBroker.csproj", "{AB1B3E27-BD40-4604-A094-741E392272D5}"
EndProject
Global
	GlobalSection(SolutionConfigurationPlatforms) = preSolution
		Debug|Any CPU = Debug|Any CPU
		Release|Any CPU = Release|Any CPU
	EndGlobalSection
	GlobalSection(ProjectConfigurationPlatforms) = postSolution
		{AB1B3E27-BD40-4604-A094-741E392272D5}.Debug|Any CPU.ActiveCfg = Debug|Any CPU
		{AB1B3E27-BD40-4604-A094-741E392272D5}.Debug|Any CPU.Build.0 = Debug|Any CPU
		{AB1B3E27-BD40-4604-A094-741E392272D5}.Release|Any CPU.ActiveCfg = Release|Any CPU
		{AB1B3E27-BD40-4604-A094-741E392272D5}.Release|Any CPU.Build.0 = Release|Any CPU
	EndGlobalSection
	GlobalSection(SolutionProperties) = preSolution
		HideSolutionNode = FALSE
	EndGlobalSection
	GlobalSection(ExtensibilityGlobals) = postSolution
		SolutionGuid = {8F1DF540-92FD-4981-83E9-6355090A0348}
	EndGlobalSection
EndGlobal
