
Microsoft Visual Studio Solution File, Format Version 12.00
# Visual Studio Version 16
VisualStudioVersion = 16.0.30803.129
MinimumVisualStudioVersion = 10.0.40219.1
Project("{9A19103F-16F7-4668-BE54-9A1E7A4F7556}") = "MLIL", "MLIL.csproj", "{2E35817B-EA49-4ACA-B0D8-8DBBC38623A6}"
EndProject
Global
	GlobalSection(SolutionConfigurationPlatforms) = preSolution
		Debug|Any CPU = Debug|Any CPU
		Release|Any CPU = Release|Any CPU
	EndGlobalSection
	GlobalSection(ProjectConfigurationPlatforms) = postSolution
		{2E35817B-EA49-4ACA-B0D8-8DBBC38623A6}.Debug|Any CPU.ActiveCfg = Debug|Any CPU
		{2E35817B-EA49-4ACA-B0D8-8DBBC38623A6}.Debug|Any CPU.Build.0 = Debug|Any CPU
		{2E35817B-EA49-4ACA-B0D8-8DBBC38623A6}.Release|Any CPU.ActiveCfg = Release|Any CPU
		{2E35817B-EA49-4ACA-B0D8-8DBBC38623A6}.Release|Any CPU.Build.0 = Release|Any CPU
	EndGlobalSection
	GlobalSection(SolutionProperties) = preSolution
		HideSolutionNode = FALSE
	EndGlobalSection
	GlobalSection(ExtensibilityGlobals) = postSolution
		SolutionGuid = {7F6ABFDD-E04A-4977-9DBF-AC90C5ED4EAA}
	EndGlobalSection
EndGlobal
