
Microsoft Visual Studio Solution File, Format Version 12.00
# Visual Studio Version 16
VisualStudioVersion = 16.0.30914.41
MinimumVisualStudioVersion = 10.0.40219.1
Project("{FAE04EC0-301F-11D3-BF4B-00C04F79EFBC}") = "DEOS", "DEOS\DEOS.csproj", "{9AA8834E-7A6D-4232-BDC4-E2AD7028CDC2}"
EndProject
Project("{FAE04EC0-301F-11D3-BF4B-00C04F79EFBC}") = "DEOS.Test", "DEOS.Test\DEOS.Test.csproj", "{A5A4435D-D577-4C05-BA6A-43DD5374D378}"
EndProject
Global
	GlobalSection(SolutionConfigurationPlatforms) = preSolution
		Debug|Any CPU = Debug|Any CPU
		Release|Any CPU = Release|Any CPU
	EndGlobalSection
	GlobalSection(ProjectConfigurationPlatforms) = postSolution
		{9AA8834E-7A6D-4232-BDC4-E2AD7028CDC2}.Debug|Any CPU.ActiveCfg = Debug|Any CPU
		{9AA8834E-7A6D-4232-BDC4-E2AD7028CDC2}.Debug|Any CPU.Build.0 = Debug|Any CPU
		{9AA8834E-7A6D-4232-BDC4-E2AD7028CDC2}.Release|Any CPU.ActiveCfg = Release|Any CPU
		{9AA8834E-7A6D-4232-BDC4-E2AD7028CDC2}.Release|Any CPU.Build.0 = Release|Any CPU
		{A5A4435D-D577-4C05-BA6A-43DD5374D378}.Debug|Any CPU.ActiveCfg = Debug|Any CPU
		{A5A4435D-D577-4C05-BA6A-43DD5374D378}.Debug|Any CPU.Build.0 = Debug|Any CPU
		{A5A4435D-D577-4C05-BA6A-43DD5374D378}.Release|Any CPU.ActiveCfg = Release|Any CPU
		{A5A4435D-D577-4C05-BA6A-43DD5374D378}.Release|Any CPU.Build.0 = Release|Any CPU
	EndGlobalSection
	GlobalSection(SolutionProperties) = preSolution
		HideSolutionNode = FALSE
	EndGlobalSection
	GlobalSection(ExtensibilityGlobals) = postSolution
		SolutionGuid = {BCB28019-A48F-4856-A314-2B016396A3CC}
	EndGlobalSection
EndGlobal
