
Microsoft Visual Studio Solution File, Format Version 12.00
# Visual Studio Version 17
VisualStudioVersion = 17.1.32120.378
MinimumVisualStudioVersion = 10.0.40219.1
Project("{FAE04EC0-301F-11D3-BF4B-00C04F79EFBC}") = "TSBR", "TSBR.csproj", "{CA06CD40-8479-4007-9690-715138F6DB60}"
EndProject
Global
	GlobalSection(SolutionConfigurationPlatforms) = preSolution
		Debug|Any CPU = Debug|Any CPU
		Release|Any CPU = Release|Any CPU
	EndGlobalSection
	GlobalSection(ProjectConfigurationPlatforms) = postSolution
		{CA06CD40-8479-4007-9690-715138F6DB60}.Debug|Any CPU.ActiveCfg = Debug|Any CPU
		{CA06CD40-8479-4007-9690-715138F6DB60}.Debug|Any CPU.Build.0 = Debug|Any CPU
		{CA06CD40-8479-4007-9690-715138F6DB60}.Release|Any CPU.ActiveCfg = Release|Any CPU
		{CA06CD40-8479-4007-9690-715138F6DB60}.Release|Any CPU.Build.0 = Release|Any CPU
	EndGlobalSection
	GlobalSection(SolutionProperties) = preSolution
		HideSolutionNode = FALSE
	EndGlobalSection
	GlobalSection(ExtensibilityGlobals) = postSolution
		SolutionGuid = {361A788A-AB0C-4F5A-826B-C3B53B8C13F6}
	EndGlobalSection
EndGlobal
